
Microsoft Visual Studio Solution File, Format Version 12.00
# Visual Studio Version 17
VisualStudioVersion = 17.11.35312.102
MinimumVisualStudioVersion = 10.0.40219.1
Project("{FAE04EC0-301F-11D3-BF4B-00C04F79EFBC}") = "firstWindowsForm", "firstWondowsForm\firstWindowsForm.csproj", "{83CB399F-FF47-45A2-95A4-9BBCCC802EED}"
EndProject
Global
	GlobalSection(SolutionConfigurationPlatforms) = preSolution
		Debug|Any CPU = Debug|Any CPU
		Release|Any CPU = Release|Any CPU
	EndGlobalSection
	GlobalSection(ProjectConfigurationPlatforms) = postSolution
		{83CB399F-FF47-45A2-95A4-9BBCCC802EED}.Debug|Any CPU.ActiveCfg = Debug|Any CPU
		{83CB399F-FF47-45A2-95A4-9BBCCC802EED}.Debug|Any CPU.Build.0 = Debug|Any CPU
		{83CB399F-FF47-45A2-95A4-9BBCCC802EED}.Release|Any CPU.ActiveCfg = Release|Any CPU
		{83CB399F-FF47-45A2-95A4-9BBCCC802EED}.Release|Any CPU.Build.0 = Release|Any CPU
	EndGlobalSection
	GlobalSection(SolutionProperties) = preSolution
		HideSolutionNode = FALSE
	EndGlobalSection
	GlobalSection(ExtensibilityGlobals) = postSolution
		SolutionGuid = {D133100D-4BFA-4220-95DC-647699C510BD}
	EndGlobalSection
EndGlobal
